{
  "name": "Townsy",
  "lockfileVersion": 3,
  "requires": true,
  "packages": {
    "": {
      "dependencies": {
        "@expo/vector-icons": "^15.1.1",
        "@react-native-async-storage/async-storage": "^3.0.1",
        "@react-navigation/bottom-tabs": "^7.15.5",
        "@react-navigation/native": "^7.1.33",
        "@react-navigation/stack": "^7.8.4",
        "@supabase/supabase-js": "^2.98.0",
        "expo-av": "^16.0.8",
        "expo-camera": "^55.0.9",
        "expo-image-picker": "^55.0.11",
        "expo-media-library": "^55.0.9",
        "react-native-webview": "^13.16.1",
        "zustand": "^5.0.11"
      }
    },
    "node_modules/@expo/vector-icons": {
      "version": "15.1.1",
      "resolved": "https://registry.npmjs.org/@expo/vector-icons/-/vector-icons-15.1.1.tgz",
      "integrity": "sha512-Iu2VkcoI5vygbtYngm7jb4ifxElNVXQYdDrYkT7UCEIiKLeWnQY0wf2ZhHZ+Wro6Sc5TaumpKUOqDRpLi5rkvw==",
      "license": "MIT",
      "peerDependencies": {
        "expo-font": ">=14.0.4",
        "react": "*",
        "react-native": "*"
      }
    },
    "node_modules/@react-native-async-storage/async-storage": {
      "version": "3.0.1",
      "resolved": "https://registry.npmjs.org/@react-native-async-storage/async-storage/-/async-storage-3.0.1.tgz",
      "integrity": "sha512-VHwHb19sMg4Xh3W5M6YmJ/HSm1uh8RYFa6Dozm9o/jVYTYUgz2BmDXqXF7sum3glQaR34/hlwVc94px1sSdC2A==",
      "license": "MIT",
      "dependencies": {
        "idb": "8.0.3"
      },
      "peerDependencies": {
        "react": "*",
        "react-native": "*"
      }
    },
    "node_modules/@react-navigation/bottom-tabs": {
      "version": "7.15.5",
      "resolved": "https://registry.npmjs.org/@react-navigation/bottom-tabs/-/bottom-tabs-7.15.5.tgz",
      "integrity": "sha512-wQHredlCrRmShWQ1vF4HUcLdaiJ8fUgnbaeQH7BJ7MQVQh4mdzab0IOY/4QSmUyNRB350oyu1biTycyQ5FKWMQ==",
      "license": "MIT",
      "dependencies": {
        "@react-navigation/elements": "^2.9.10",
        "color": "^4.2.3",
        "sf-symbols-typescript": "^2.1.0"
      },
      "peerDependencies": {
        "@react-navigation/native": "^7.1.33",
        "react": ">= 18.2.0",
        "react-native": "*",
        "react-native-safe-area-context": ">= 4.0.0",
        "react-native-screens": ">= 4.0.0"
      }
    },
    "node_modules/@react-navigation/core": {
      "version": "7.16.1",
      "resolved": "https://registry.npmjs.org/@react-navigation/core/-/core-7.16.1.tgz",
      "integrity": "sha512-xhquoyhKdqDfiL7LuupbwYnmauUGfVFGDEJO34m26k8zSN1eDjQ2stBZcHN8ILOI1PrG9885nf8ZmfaQxPS0ww==",
      "license": "MIT",
      "dependencies": {
        "@react-navigation/routers": "^7.5.3",
        "escape-string-regexp": "^4.0.0",
        "fast-deep-equal": "^3.1.3",
        "nanoid": "^3.3.11",
        "query-string": "^7.1.3",
        "react-is": "^19.1.0",
        "use-latest-callback": "^0.2.4",
        "use-sync-external-store": "^1.5.0"
      },
      "peerDependencies": {
        "react": ">= 18.2.0"
      }
    },
    "node_modules/@react-navigation/elements": {
      "version": "2.9.10",
      "resolved": "https://registry.npmjs.org/@react-navigation/elements/-/elements-2.9.10.tgz",
      "integrity": "sha512-N8tuBekzTRb0pkMHFJGvmC6Q5OisSbt6gzvw7RHMnp4NDo5auVllT12sWFaTXf8mTduaLKNSrD/NZNaOqThCBg==",
      "license": "MIT",
      "dependencies": {
        "color": "^4.2.3",
        "use-latest-callback": "^0.2.4",
        "use-sync-external-store": "^1.5.0"
      },
      "peerDependencies": {
        "@react-native-masked-view/masked-view": ">= 0.2.0",
        "@react-navigation/native": "^7.1.33",
        "react": ">= 18.2.0",
        "react-native": "*",
        "react-native-safe-area-context": ">= 4.0.0"
      },
      "peerDependenciesMeta": {
        "@react-native-masked-view/masked-view": {
          "optional": true
        }
      }
    },
    "node_modules/@react-navigation/native": {
      "version": "7.1.33",
      "resolved": "https://registry.npmjs.org/@react-navigation/native/-/native-7.1.33.tgz",
      "integrity": "sha512-DpFdWGcgLajKZ1TuIvDNQsblN2QaUFWpTQaB8v7WRP9Mix8H/6TFoIrZd93pbymI2hybd6UYrD+lI408eWVcfw==",
      "license": "MIT",
      "dependencies": {
        "@react-navigation/core": "^7.16.1",
        "escape-string-regexp": "^4.0.0",
        "fast-deep-equal": "^3.1.3",
        "nanoid": "^3.3.11",
        "use-latest-callback": "^0.2.4"
      },
      "peerDependencies": {
        "react": ">= 18.2.0",
        "react-native": "*"
      }
    },
    "node_modules/@react-navigation/routers": {
      "version": "7.5.3",
      "resolved": "https://registry.npmjs.org/@react-navigation/routers/-/routers-7.5.3.tgz",
      "integrity": "sha512-1tJHg4KKRJuQ1/EvJxatrMef3NZXEPzwUIUZ3n1yJ2t7Q97siwRtbynRpQG9/69ebbtiZ8W3ScOZF/OmhvM4Rg==",
      "license": "MIT",
      "dependencies": {
        "nanoid": "^3.3.11"
      }
    },
    "node_modules/@react-navigation/stack": {
      "version": "7.8.4",
      "resolved": "https://registry.npmjs.org/@react-navigation/stack/-/stack-7.8.4.tgz",
      "integrity": "sha512-Sbg4p/tW1oNnXic8eSDTuiLrtLg4eB54WjI+s3HTW1FkZMKxcMVSMDjOm/tc3mwIoZ4wmHkcj2zE2H/W0Vrm9g==",
      "license": "MIT",
      "dependencies": {
        "@react-navigation/elements": "^2.9.10",
        "color": "^4.2.3",
        "use-latest-callback": "^0.2.4"
      },
      "peerDependencies": {
        "@react-navigation/native": "^7.1.33",
        "react": ">= 18.2.0",
        "react-native": "*",
        "react-native-gesture-handler": ">= 2.0.0",
        "react-native-safe-area-context": ">= 4.0.0",
        "react-native-screens": ">= 4.0.0"
      }
    },
    "node_modules/@supabase/auth-js": {
      "version": "2.98.0",
      "resolved": "https://registry.npmjs.org/@supabase/auth-js/-/auth-js-2.98.0.tgz",
      "integrity": "sha512-GBH361T0peHU91AQNzOlIrjUZw9TZbB9YDRiyFgk/3Kvr3/Z1NWUZ2athWTfHhwNNi8IrW00foyFxQD9IO/Trg==",
      "license": "MIT",
      "dependencies": {
        "tslib": "2.8.1"
      },
      "engines": {
        "node": ">=20.0.0"
      }
    },
    "node_modules/@supabase/functions-js": {
      "version": "2.98.0",
      "resolved": "https://registry.npmjs.org/@supabase/functions-js/-/functions-js-2.98.0.tgz",
      "integrity": "sha512-N/xEyiNU5Org+d+PNCpv+TWniAXRzxIURxDYsS/m2I/sfAB/HcM9aM2Dmf5edj5oWb9GxID1OBaZ8NMmPXL+Lg==",
      "license": "MIT",
      "dependencies": {
        "tslib": "2.8.1"
      },
      "engines": {
        "node": ">=20.0.0"
      }
    },
    "node_modules/@supabase/postgrest-js": {
      "version": "2.98.0",
      "resolved": "https://registry.npmjs.org/@supabase/postgrest-js/-/postgrest-js-2.98.0.tgz",
      "integrity": "sha512-v6e9WeZuJijzUut8HyXu6gMqWFepIbaeaMIm1uKzei4yLg9bC9OtEW9O14LE/9ezqNbSAnSLO5GtOLFdm7Bpkg==",
      "license": "MIT",
      "dependencies": {
        "tslib": "2.8.1"
      },
      "engines": {
        "node": ">=20.0.0"
      }
    },
    "node_modules/@supabase/realtime-js": {
      "version": "2.98.0",
      "resolved": "https://registry.npmjs.org/@supabase/realtime-js/-/realtime-js-2.98.0.tgz",
      "integrity": "sha512-rOWt28uGyFipWOSd+n0WVMr9kUXiWaa7J4hvyLCIHjRFqWm1z9CaaKAoYyfYMC1Exn3WT8WePCgiVhlAtWC2yw==",
      "license": "MIT",
      "dependencies": {
        "@types/phoenix": "^1.6.6",
        "@types/ws": "^8.18.1",
        "tslib": "2.8.1",
        "ws": "^8.18.2"
      },
      "engines": {
        "node": ">=20.0.0"
      }
    },
    "node_modules/@supabase/storage-js": {
      "version": "2.98.0",
      "resolved": "https://registry.npmjs.org/@supabase/storage-js/-/storage-js-2.98.0.tgz",
      "integrity": "sha512-tzr2mG+v7ILSAZSfZMSL9OPyIH4z1ikgQ8EcQTKfMRz4EwmlFt3UnJaGzSOxyvF5b+fc9So7qdSUWTqGgeLokQ==",
      "license": "MIT",
      "dependencies": {
        "iceberg-js": "^0.8.1",
        "tslib": "2.8.1"
      },
      "engines": {
        "node": ">=20.0.0"
      }
    },
    "node_modules/@supabase/supabase-js": {
      "version": "2.98.0",
      "resolved": "https://registry.npmjs.org/@supabase/supabase-js/-/supabase-js-2.98.0.tgz",
      "integrity": "sha512-Ohc97CtInLwZyiSASz7tT9/Abm/vqnIbO9REp+PivVUII8UZsuI3bngRQnYgJdFoOIwvaEII1fX1qy8x0CyNiw==",
      "license": "MIT",
      "dependencies": {
        "@supabase/auth-js": "2.98.0",
        "@supabase/functions-js": "2.98.0",
        "@supabase/postgrest-js": "2.98.0",
        "@supabase/realtime-js": "2.98.0",
        "@supabase/storage-js": "2.98.0"
      },
      "engines": {
        "node": ">=20.0.0"
      }
    },
    "node_modules/@types/emscripten": {
      "version": "1.41.5",
      "resolved": "https://registry.npmjs.org/@types/emscripten/-/emscripten-1.41.5.tgz",
      "integrity": "sha512-cMQm7pxu6BxtHyqJ7mQZ2kXWV5SLmugybFdHCBbJ5eHzOo6VhBckEgAT3//rP5FwPHNPeEiq4SmQ5ucBwsOo4Q==",
      "license": "MIT"
    },
    "node_modules/@types/node": {
      "version": "25.3.5",
      "resolved": "https://registry.npmjs.org/@types/node/-/node-25.3.5.tgz",
      "integrity": "sha512-oX8xrhvpiyRCQkG1MFchB09f+cXftgIXb3a7UUa4Y3wpmZPw5tyZGTLWhlESOLq1Rq6oDlc8npVU2/9xiCuXMA==",
      "license": "MIT",
      "dependencies": {
        "undici-types": "~7.18.0"
      }
    },
    "node_modules/@types/phoenix": {
      "version": "1.6.7",
      "resolved": "https://registry.npmjs.org/@types/phoenix/-/phoenix-1.6.7.tgz",
      "integrity": "sha512-oN9ive//QSBkf19rfDv45M7eZPi0eEXylht2OLEXicu5b4KoQ1OzXIw+xDSGWxSxe1JmepRR/ZH283vsu518/Q==",
      "license": "MIT"
    },
    "node_modules/@types/ws": {
      "version": "8.18.1",
      "resolved": "https://registry.npmjs.org/@types/ws/-/ws-8.18.1.tgz",
      "integrity": "sha512-ThVF6DCVhA8kUGy+aazFQ4kXQ7E1Ty7A3ypFOe0IcJV8O/M511G99AW24irKrW56Wt44yG9+ij8FaqoBGkuBXg==",
      "license": "MIT",
      "dependencies": {
        "@types/node": "*"
      }
    },
    "node_modules/barcode-detector": {
      "version": "3.1.0",
      "resolved": "https://registry.npmjs.org/barcode-detector/-/barcode-detector-3.1.0.tgz",
      "integrity": "sha512-aQjGxrgsb/WTlw6pHZwFRO6NhFMhwHGEkd0pzV25fBn8dnRA1PA1G7bLeAzvSea646S/96nW5W3jD8wezQZ1vQ==",
      "license": "MIT",
      "dependencies": {
        "zxing-wasm": "3.0.0"
      }
    },
    "node_modules/color": {
      "version": "4.2.3",
      "resolved": "https://registry.npmjs.org/color/-/color-4.2.3.tgz",
      "integrity": "sha512-1rXeuUUiGGrykh+CeBdu5Ie7OJwinCgQY0bc7GCRxy5xVHy+moaqkpL/jqQq0MtQOeYcrqEz4abc5f0KtU7W4A==",
      "license": "MIT",
      "dependencies": {
        "color-convert": "^2.0.1",
        "color-string": "^1.9.0"
      },
      "engines": {
        "node": ">=12.5.0"
      }
    },
    "node_modules/color-convert": {
      "version": "2.0.1",
      "resolved": "https://registry.npmjs.org/color-convert/-/color-convert-2.0.1.tgz",
      "integrity": "sha512-RRECPsj7iu/xb5oKYcsFHSppFNnsj/52OVTRKb4zP5onXwVF3zVmmToNcOfGC+CRDpfK/U584fMg38ZHCaElKQ==",
      "license": "MIT",
      "dependencies": {
        "color-name": "~1.1.4"
      },
      "engines": {
        "node": ">=7.0.0"
      }
    },
    "node_modules/color-name": {
      "version": "1.1.4",
      "resolved": "https://registry.npmjs.org/color-name/-/color-name-1.1.4.tgz",
      "integrity": "sha512-dOy+3AuW3a2wNbZHIuMZpTcgjGuLU/uBL/ubcZF9OXbDo8ff4O8yVp5Bf0efS8uEoYo5q4Fx7dY9OgQGXgAsQA==",
      "license": "MIT"
    },
    "node_modules/color-string": {
      "version": "1.9.1",
      "resolved": "https://registry.npmjs.org/color-string/-/color-string-1.9.1.tgz",
      "integrity": "sha512-shrVawQFojnZv6xM40anx4CkoDP+fZsw/ZerEMsW/pyzsRbElpsL/DBVW7q3ExxwusdNXI3lXpuhEZkzs8p5Eg==",
      "license": "MIT",
      "dependencies": {
        "color-name": "^1.0.0",
        "simple-swizzle": "^0.2.2"
      }
    },
    "node_modules/decode-uri-component": {
      "version": "0.2.2",
      "resolved": "https://registry.npmjs.org/decode-uri-component/-/decode-uri-component-0.2.2.tgz",
      "integrity": "sha512-FqUYQ+8o158GyGTrMFJms9qh3CqTKvAqgqsTnkLI8sKu0028orqBhxNMFkFen0zGyg6epACD32pjVk58ngIErQ==",
      "license": "MIT",
      "engines": {
        "node": ">=0.10"
      }
    },
    "node_modules/escape-string-regexp": {
      "version": "4.0.0",
      "resolved": "https://registry.npmjs.org/escape-string-regexp/-/escape-string-regexp-4.0.0.tgz",
      "integrity": "sha512-TtpcNJ3XAzx3Gq8sWRzJaVajRs0uVxA2YAkdb1jm2YkPz4G6egUFAyA3n5vtEIZefPk5Wa4UXbKuS5fKkJWdgA==",
      "license": "MIT",
      "engines": {
        "node": ">=10"
      },
      "funding": {
        "url": "https://github.com/sponsors/sindresorhus"
      }
    },
    "node_modules/expo-av": {
      "version": "16.0.8",
      "resolved": "https://registry.npmjs.org/expo-av/-/expo-av-16.0.8.tgz",
      "integrity": "sha512-cmVPftGR/ca7XBgs7R6ky36lF3OC0/MM/lpgX/yXqfv0jASTsh7AYX9JxHCwFmF+Z6JEB1vne9FDx4GiLcGreQ==",
      "license": "MIT",
      "peerDependencies": {
        "expo": "*",
        "react": "*",
        "react-native": "*",
        "react-native-web": "*"
      },
      "peerDependenciesMeta": {
        "react-native-web": {
          "optional": true
        }
      }
    },
    "node_modules/expo-camera": {
      "version": "55.0.9",
      "resolved": "https://registry.npmjs.org/expo-camera/-/expo-camera-55.0.9.tgz",
      "integrity": "sha512-ywjmZChGPqyIginN9K1lEJCSTB6M4the37m56tAcvYs3cu0DAUAlTl4n2MY6S7kGdm3iEi0cGmlDpHFyh7rmwg==",
      "license": "MIT",
      "dependencies": {
        "barcode-detector": "^3.0.0"
      },
      "peerDependencies": {
        "expo": "*",
        "react": "*",
        "react-native": "*",
        "react-native-web": "*"
      },
      "peerDependenciesMeta": {
        "react-native-web": {
          "optional": true
        }
      }
    },
    "node_modules/expo-image-loader": {
      "version": "55.0.0",
      "resolved": "https://registry.npmjs.org/expo-image-loader/-/expo-image-loader-55.0.0.tgz",
      "integrity": "sha512-NOjp56wDrfuA5aiNAybBIjqIn1IxKeGJ8CECWZncQ/GzjZfyTYAHTCyeApYkdKkMBLHINzI4BbTGSlbCa0fXXQ==",
      "license": "MIT",
      "peerDependencies": {
        "expo": "*"
      }
    },
    "node_modules/expo-image-picker": {
      "version": "55.0.11",
      "resolved": "https://registry.npmjs.org/expo-image-picker/-/expo-image-picker-55.0.11.tgz",
      "integrity": "sha512-geJklIGdAR2N16iSk86oyJe7QgX5RpqDX1FjKpxO53fF4D0eBmg5Irm6gRwT0b+DHP1kJevZgzzbVJsRAV362g==",
      "license": "MIT",
      "dependencies": {
        "expo-image-loader": "~55.0.0"
      },
      "peerDependencies": {
        "expo": "*"
      }
    },
    "node_modules/expo-media-library": {
      "version": "55.0.9",
      "resolved": "https://registry.npmjs.org/expo-media-library/-/expo-media-library-55.0.9.tgz",
      "integrity": "sha512-E12e4gjQEZNdAa7MHDLOAiOMQmhmOGHFMMU5DpiK6I01hPXyRcaxgAQQLpibIXNP4O5LjGi2psa3NBacjyjxkw==",
      "license": "MIT",
      "peerDependencies": {
        "expo": "*",
        "react-native": "*"
      }
    },
    "node_modules/fast-deep-equal": {
      "version": "3.1.3",
      "resolved": "https://registry.npmjs.org/fast-deep-equal/-/fast-deep-equal-3.1.3.tgz",
      "integrity": "sha512-f3qQ9oQy9j2AhBe/H9VC91wLmKBCCU/gDOnKNAYG5hswO7BLKj09Hc5HYNz9cGI++xlpDCIgDaitVs03ATR84Q==",
      "license": "MIT"
    },
    "node_modules/filter-obj": {
      "version": "1.1.0",
      "resolved": "https://registry.npmjs.org/filter-obj/-/filter-obj-1.1.0.tgz",
      "integrity": "sha512-8rXg1ZnX7xzy2NGDVkBVaAy+lSlPNwad13BtgSlLuxfIslyt5Vg64U7tFcCt4WS1R0hvtnQybT/IyCkGZ3DpXQ==",
      "license": "MIT",
      "engines": {
        "node": ">=0.10.0"
      }
    },
    "node_modules/iceberg-js": {
      "version": "0.8.1",
      "resolved": "https://registry.npmjs.org/iceberg-js/-/iceberg-js-0.8.1.tgz",
      "integrity": "sha512-1dhVQZXhcHje7798IVM+xoo/1ZdVfzOMIc8/rgVSijRK38EDqOJoGula9N/8ZI5RD8QTxNQtK/Gozpr+qUqRRA==",
      "license": "MIT",
      "engines": {
        "node": ">=20.0.0"
      }
    },
    "node_modules/idb": {
      "version": "8.0.3",
      "resolved": "https://registry.npmjs.org/idb/-/idb-8.0.3.tgz",
      "integrity": "sha512-LtwtVyVYO5BqRvcsKuB2iUMnHwPVByPCXFXOpuU96IZPPoPN6xjOGxZQ74pgSVVLQWtUOYgyeL4GE98BY5D3wg==",
      "license": "ISC"
    },
    "node_modules/invariant": {
      "version": "2.2.4",
      "resolved": "https://registry.npmjs.org/invariant/-/invariant-2.2.4.tgz",
      "integrity": "sha512-phJfQVBuaJM5raOpJjSfkiD6BpbCE4Ns//LaXl6wGYtUBY83nWS6Rf9tXm2e8VaK60JEjYldbPif/A2B1C2gNA==",
      "license": "MIT",
      "dependencies": {
        "loose-envify": "^1.0.0"
      }
    },
    "node_modules/is-arrayish": {
      "version": "0.3.4",
      "resolved": "https://registry.npmjs.org/is-arrayish/-/is-arrayish-0.3.4.tgz",
      "integrity": "sha512-m6UrgzFVUYawGBh1dUsWR5M2Clqic9RVXC/9f8ceNlv2IcO9j9J/z8UoCLPqtsPBFNzEpfR3xftohbfqDx8EQA==",
      "license": "MIT"
    },
    "node_modules/js-tokens": {
      "version": "4.0.0",
      "resolved": "https://registry.npmjs.org/js-tokens/-/js-tokens-4.0.0.tgz",
      "integrity": "sha512-RdJUflcE3cUzKiMqQgsCu06FPu9UdIJO0beYbPhHN4k6apgJtifcoCtT9bcxOpYBtpD2kCM6Sbzg4CausW/PKQ==",
      "license": "MIT"
    },
    "node_modules/loose-envify": {
      "version": "1.4.0",
      "resolved": "https://registry.npmjs.org/loose-envify/-/loose-envify-1.4.0.tgz",
      "integrity": "sha512-lyuxPGr/Wfhrlem2CL/UcnUc1zcqKAImBDzukY7Y5F/yQiNdko6+fRLevlw1HgMySw7f611UIY408EtxRSoK3Q==",
      "license": "MIT",
      "dependencies": {
        "js-tokens": "^3.0.0 || ^4.0.0"
      },
      "bin": {
        "loose-envify": "cli.js"
      }
    },
    "node_modules/nanoid": {
      "version": "3.3.11",
      "resolved": "https://registry.npmjs.org/nanoid/-/nanoid-3.3.11.tgz",
      "integrity": "sha512-N8SpfPUnUp1bK+PMYW8qSWdl9U+wwNWI4QKxOYDy9JAro3WMX7p2OeVRF9v+347pnakNevPmiHhNmZ2HbFA76w==",
      "funding": [
        {
          "type": "github",
          "url": "https://github.com/sponsors/ai"
        }
      ],
      "license": "MIT",
      "bin": {
        "nanoid": "bin/nanoid.cjs"
      },
      "engines": {
        "node": "^10 || ^12 || ^13.7 || ^14 || >=15.0.1"
      }
    },
    "node_modules/query-string": {
      "version": "7.1.3",
      "resolved": "https://registry.npmjs.org/query-string/-/query-string-7.1.3.tgz",
      "integrity": "sha512-hh2WYhq4fi8+b+/2Kg9CEge4fDPvHS534aOOvOZeQ3+Vf2mCFsaFBYj0i+iXcAq6I9Vzp5fjMFBlONvayDC1qg==",
      "license": "MIT",
      "dependencies": {
        "decode-uri-component": "^0.2.2",
        "filter-obj": "^1.1.0",
        "split-on-first": "^1.0.0",
        "strict-uri-encode": "^2.0.0"
      },
      "engines": {
        "node": ">=6"
      },
      "funding": {
        "url": "https://github.com/sponsors/sindresorhus"
      }
    },
    "node_modules/react-is": {
      "version": "19.2.4",
      "resolved": "https://registry.npmjs.org/react-is/-/react-is-19.2.4.tgz",
      "integrity": "sha512-W+EWGn2v0ApPKgKKCy/7s7WHXkboGcsrXE+2joLyVxkbyVQfO3MUEaUQDHoSmb8TFFrSKYa9mw64WZHNHSDzYA==",
      "license": "MIT"
    },
    "node_modules/react-native-webview": {
      "version": "13.16.1",
      "resolved": "https://registry.npmjs.org/react-native-webview/-/react-native-webview-13.16.1.tgz",
      "integrity": "sha512-If0eHhoEdOYDcHsX+xBFwHMbWBGK1BvGDQDQdVkwtSIXiq1uiqjkpWVP2uQ1as94J0CzvFE9PUNDuhiX0Z6ubw==",
      "license": "MIT",
      "dependencies": {
        "escape-string-regexp": "^4.0.0",
        "invariant": "2.2.4"
      },
      "peerDependencies": {
        "react": "*",
        "react-native": "*"
      }
    },
    "node_modules/sf-symbols-typescript": {
      "version": "2.2.0",
      "resolved": "https://registry.npmjs.org/sf-symbols-typescript/-/sf-symbols-typescript-2.2.0.tgz",
      "integrity": "sha512-TPbeg0b7ylrswdGCji8FRGFAKuqbpQlLbL8SOle3j1iHSs5Ob5mhvMAxWN2UItOjgALAB5Zp3fmMfj8mbWvXKw==",
      "license": "MIT",
      "engines": {
        "node": ">=10"
      }
    },
    "node_modules/simple-swizzle": {
      "version": "0.2.4",
      "resolved": "https://registry.npmjs.org/simple-swizzle/-/simple-swizzle-0.2.4.tgz",
      "integrity": "sha512-nAu1WFPQSMNr2Zn9PGSZK9AGn4t/y97lEm+MXTtUDwfP0ksAIX4nO+6ruD9Jwut4C49SB1Ws+fbXsm/yScWOHw==",
      "license": "MIT",
      "dependencies": {
        "is-arrayish": "^0.3.1"
      }
    },
    "node_modules/split-on-first": {
      "version": "1.1.0",
      "resolved": "https://registry.npmjs.org/split-on-first/-/split-on-first-1.1.0.tgz",
      "integrity": "sha512-43ZssAJaMusuKWL8sKUBQXHWOpq8d6CfN/u1p4gUzfJkM05C8rxTmYrkIPTXapZpORA6LkkzcUulJ8FqA7Uudw==",
      "license": "MIT",
      "engines": {
        "node": ">=6"
      }
    },
    "node_modules/strict-uri-encode": {
      "version": "2.0.0",
      "resolved": "https://registry.npmjs.org/strict-uri-encode/-/strict-uri-encode-2.0.0.tgz",
      "integrity": "sha512-QwiXZgpRcKkhTj2Scnn++4PKtWsH0kpzZ62L2R6c/LUVYv7hVnZqcg2+sMuT6R7Jusu1vviK/MFsu6kNJfWlEQ==",
      "license": "MIT",
      "engines": {
        "node": ">=4"
      }
    },
    "node_modules/tagged-tag": {
      "version": "1.0.0",
      "resolved": "https://registry.npmjs.org/tagged-tag/-/tagged-tag-1.0.0.tgz",
      "integrity": "sha512-yEFYrVhod+hdNyx7g5Bnkkb0G6si8HJurOoOEgC8B/O0uXLHlaey/65KRv6cuWBNhBgHKAROVpc7QyYqE5gFng==",
      "license": "MIT",
      "engines": {
        "node": ">=20"
      },
      "funding": {
        "url": "https://github.com/sponsors/sindresorhus"
      }
    },
    "node_modules/tslib": {
      "version": "2.8.1",
      "resolved": "https://registry.npmjs.org/tslib/-/tslib-2.8.1.tgz",
      "integrity": "sha512-oJFu94HQb+KVduSUQL7wnpmqnfmLsOA/nAh6b6EH0wCEoK0/mPeXU6c3wKDV83MkOuHPRHtSXKKU99IBazS/2w==",
      "license": "0BSD"
    },
    "node_modules/type-fest": {
      "version": "5.4.4",
      "resolved": "https://registry.npmjs.org/type-fest/-/type-fest-5.4.4.tgz",
      "integrity": "sha512-JnTrzGu+zPV3aXIUhnyWJj4z/wigMsdYajGLIYakqyOW1nPllzXEJee0QQbHj+CTIQtXGlAjuK0UY+2xTyjVAw==",
      "license": "(MIT OR CC0-1.0)",
      "dependencies": {
        "tagged-tag": "^1.0.0"
      },
      "engines": {
        "node": ">=20"
      },
      "funding": {
        "url": "https://github.com/sponsors/sindresorhus"
      }
    },
    "node_modules/undici-types": {
      "version": "7.18.2",
      "resolved": "https://registry.npmjs.org/undici-types/-/undici-types-7.18.2.tgz",
      "integrity": "sha512-AsuCzffGHJybSaRrmr5eHr81mwJU3kjw6M+uprWvCXiNeN9SOGwQ3Jn8jb8m3Z6izVgknn1R0FTCEAP2QrLY/w==",
      "license": "MIT"
    },
    "node_modules/use-latest-callback": {
      "version": "0.2.6",
      "resolved": "https://registry.npmjs.org/use-latest-callback/-/use-latest-callback-0.2.6.tgz",
      "integrity": "sha512-FvRG9i1HSo0wagmX63Vrm8SnlUU3LMM3WyZkQ76RnslpBrX694AdG4A0zQBx2B3ZifFA0yv/BaEHGBnEax5rZg==",
      "license": "MIT",
      "peerDependencies": {
        "react": ">=16.8"
      }
    },
    "node_modules/use-sync-external-store": {
      "version": "1.6.0",
      "resolved": "https://registry.npmjs.org/use-sync-external-store/-/use-sync-external-store-1.6.0.tgz",
      "integrity": "sha512-Pp6GSwGP/NrPIrxVFAIkOQeyw8lFenOHijQWkUTrDvrF4ALqylP2C/KCkeS9dpUM3KvYRQhna5vt7IL95+ZQ9w==",
      "license": "MIT",
      "peerDependencies": {
        "react": "^16.8.0 || ^17.0.0 || ^18.0.0 || ^19.0.0"
      }
    },
    "node_modules/ws": {
      "version": "8.19.0",
      "resolved": "https://registry.npmjs.org/ws/-/ws-8.19.0.tgz",
      "integrity": "sha512-blAT2mjOEIi0ZzruJfIhb3nps74PRWTCz1IjglWEEpQl5XS/UNama6u2/rjFkDDouqr4L67ry+1aGIALViWjDg==",
      "license": "MIT",
      "engines": {
        "node": ">=10.0.0"
      },
      "peerDependencies": {
        "bufferutil": "^4.0.1",
        "utf-8-validate": ">=5.0.2"
      },
      "peerDependenciesMeta": {
        "bufferutil": {
          "optional": true
        },
        "utf-8-validate": {
          "optional": true
        }
      }
    },
    "node_modules/zustand": {
      "version": "5.0.11",
      "resolved": "https://registry.npmjs.org/zustand/-/zustand-5.0.11.tgz",
      "integrity": "sha512-fdZY+dk7zn/vbWNCYmzZULHRrss0jx5pPFiOuMZ/5HJN6Yv3u+1Wswy/4MpZEkEGhtNH+pwxZB8OKgUBPzYAGg==",
      "license": "MIT",
      "engines": {
        "node": ">=12.20.0"
      },
      "peerDependencies": {
        "@types/react": ">=18.0.0",
        "immer": ">=9.0.6",
        "react": ">=18.0.0",
        "use-sync-external-store": ">=1.2.0"
      },
      "peerDependenciesMeta": {
        "@types/react": {
          "optional": true
        },
        "immer": {
          "optional": true
        },
        "react": {
          "optional": true
        },
        "use-sync-external-store": {
          "optional": true
        }
      }
    },
    "node_modules/zxing-wasm": {
      "version": "3.0.0",
      "resolved": "https://registry.npmjs.org/zxing-wasm/-/zxing-wasm-3.0.0.tgz",
      "integrity": "sha512-s7ASCPKX+QnH7Y83f4Byxmq/vDzYW7B9m6jMP5S30JGfN2A6WAUn6P3vcBmNguDhPLE6ny2fjTooQVyKBXI1qA==",
      "license": "MIT",
      "dependencies": {
        "@types/emscripten": "^1.41.5",
        "type-fest": "^5.4.4"
      },
      "peerDependencies": {
        "@types/emscripten": ">=1.39.6"
      }
    }
  }
}
